PODS:
  - Firebase (2.2.0)
  - JVFloatingDrawer (0.1.0)
  - KNSemiModalViewController (0.3)
  - KVOController (1.0.3)
  - MCSwipeTableViewCell (2.1.2)

DEPENDENCIES:
  - Firebase (>= 2.0.3)
  - JVFloatingDrawer
  - KNSemiModalViewController
  - KVOController
  - MCSwipeTableViewCell

SPEC CHECKSUMS:
  Firebase: e7a2ea2ffeff99f9c37028b354194dcc9718d36b
  JVFloatingDrawer: 0fcbfed4abba0b6209c79fafaa35959f427cc821
  KNSemiModalViewController: 6fb1e2f6a4d84238b524cb705e91118b0fa6bbc9
  KVOController: b1139ef1fc373b6757e4b69493fedd7b56eb1272
  MCSwipeTableViewCell: 8e78ff197ab06ba7bfd5c938a00149de8a33afa9

COCOAPODS: 0.35.0
