// !$*UTF8*$!
{
	archiveVersion = 1;
	classes = {
	};
	objectVersion = 46;
	objects = {

/* Begin PBXBuildFile section */
		01498B1A1B01027E00C7C395 /* AppDelegate.swift in Sources */ = {isa = PBXBuildFile; fileRef = 01498B191B01027E00C7C395 /* AppDelegate.swift */; };
		01498B1C1B01027E00C7C395 /* ViewController.swift in Sources */ = {isa = PBXBuildFile; fileRef = 01498B1B1B01027E00C7C395 /* ViewController.swift */; };
		01498B211B01027E00C7C395 /* Images.xcassets in Resources */ = {isa = PBXBuildFile; fileRef = 01498B201B01027E00C7C395 /* Images.xcassets */; };
		01498B241B01027E00C7C395 /* LaunchScreen.xib in Resources */ = {isa = PBXBuildFile; fileRef = 01498B221B01027E00C7C395 /* LaunchScreen.xib */; };
		01498B301B01027E00C7C395 /* TrackeratiTests.swift in Sources */ = {isa = PBXBuildFile; fileRef = 01498B2F1B01027E00C7C395 /* TrackeratiTests.swift */; };
/* End PBXBuildFile section */

/* Begin PBXContainerItemProxy section */
		01498B2A1B01027E00C7C395 /* PBXContainerItemProxy */ = {
			isa = PBXContainerItemProxy;
			containerPortal = 01498B0C1B01027E00C7C395 /* Project object */;
			proxyType = 1;
			remoteGlobalIDString = 01498B131B01027E00C7C395;
			remoteInfo = Trackerati;
		};
/* End PBXContainerItemProxy section */

/* Begin PBXFileReference section */
		01498B141B01027E00C7C395 /* Trackerati.app */ = {isa = PBXFileReference; explicitFileType = wrapper.application; includeInIndex = 0; path = Trackerati.app; sourceTree = BUILT_PRODUCTS_DIR; };
		01498B181B01027E00C7C395 /* Info.plist */ = {isa = PBXFileReference; lastKnownFileType = text.plist.xml; path = Info.plist; sourceTree = "<group>"; };
		01498B191B01027E00C7C395 /* AppDelegate.swift */ = {isa = PBXFileReference; lastKnownFileType = sourcecode.swift; path = AppDelegate.swift; sourceTree = "<group>"; };
		01498B1B1B01027E00C7C395 /* ViewController.swift */ = {isa = PBXFileReference; lastKnownFileType = sourcecode.swift; path = ViewController.swift; sourceTree = "<group>"; };
		01498B201B01027E00C7C395 /* Images.xcassets */ = {isa = PBXFileReference; lastKnownFileType = folder.assetcatalog; path = Images.xcassets; sourceTree = "<group>"; };
		01498B231B01027E00C7C395 /* Base */ = {isa = PBXFileReference; lastKnownFileType = file.xib; name = Base; path = Base.lproj/LaunchScreen.xib; sourceTree = "<group>"; };
		01498B291B01027E00C7C395 /* TrackeratiTests.xctest */ = {isa = PBXFileReference; explicitFileType = wrapper.cfbundle; includeInIndex = 0; path = TrackeratiTests.xctest; sourceTree = BUILT_PRODUCTS_DIR; };
		01498B2E1B01027E00C7C395 /* Info.plist */ = {isa = PBXFileReference; lastKnownFileType = text.plist.xml; path = Info.plist; sourceTree = "<group>"; };
		01498B2F1B01027E00C7C395 /* TrackeratiTests.swift */ = {isa = PBXFileReference; lastKnownFileType = sourcecode.swift; path = TrackeratiTests.swift; sourceTree = "<group>"; };
		01498B3C1B01052700C7C395 /* Trackerati-BridgingHeader.h */ = {isa = PBXFileReference; lastKnownFileType = sourcecode.c.h; path = "Trackerati-BridgingHeader.h"; sourceTree = "<group>"; };
/* End PBXFileReference section */

/* Begin PBXFrameworksBuildPhase section */
		01498B111B01027E00C7C395 /* Frameworks */ = {
			isa = PBXFrameworksBuildPhase;
			buildActionMask = 2147483647;
			files = (
			);
			runOnlyForDeploymentPostprocessing = 0;
		};
		01498B261B01027E00C7C395 /* Frameworks */ = {
			isa = PBXFrameworksBuildPhase;
			buildActionMask = 2147483647;
			files = (
			);
			runOnlyForDeploymentPostprocessing = 0;
		};
/* End PBXFrameworksBuildPhase section */

/* Begin PBXGroup section */
		01498B0B1B01027E00C7C395 = {
			isa = PBXGroup;
			children = (
				01498B161B01027E00C7C395 /* Trackerati */,
				01498B2C1B01027E00C7C395 /* TrackeratiTests */,
				01498B151B01027E00C7C395 /* Products */,
			);
			sourceTree = "<group>";
		};
		01498B151B01027E00C7C395 /* Products */ = {
			isa = PBXGroup;
			children = (
				01498B141B01027E00C7C395 /* Trackerati.app */,
				01498B291B01027E00C7C395 /* TrackeratiTests.xctest */,
			);
			name = Products;
			sourceTree = "<group>";
		};
		01498B161B01027E00C7C395 /* Trackerati */ = {
			isa = PBXGroup;
			children = (
				01498B3A1B0104CF00C7C395 /* Application */,
				01498B3B1B0104DE00C7C395 /* Resources */,
				01498B391B0104C400C7C395 /* View Controllers */,
				01498B171B01027E00C7C395 /* Supporting Files */,
			);
			path = Trackerati;
			sourceTree = "<group>";
		};
		01498B171B01027E00C7C395 /* Supporting Files */ = {
			isa = PBXGroup;
			children = (
				01498B3C1B01052700C7C395 /* Trackerati-BridgingHeader.h */,
				01498B181B01027E00C7C395 /* Info.plist */,
			);
			name = "Supporting Files";
			sourceTree = "<group>";
		};
		01498B2C1B01027E00C7C395 /* TrackeratiTests */ = {
			isa = PBXGroup;
			children = (
				01498B2F1B01027E00C7C395 /* TrackeratiTests.swift */,
				01498B2D1B01027E00C7C395 /* Supporting Files */,
			);
			path = TrackeratiTests;
			sourceTree = "<group>";
		};
		01498B2D1B01027E00C7C395 /* Supporting Files */ = {
			isa = PBXGroup;
			children = (
				01498B2E1B01027E00C7C395 /* Info.plist */,
			);
			name = "Supporting Files";
			sourceTree = "<group>";
		};
		01498B391B0104C400C7C395 /* View Controllers */ = {
			isa = PBXGroup;
			children = (
				01498B1B1B01027E00C7C395 /* ViewController.swift */,
			);
			name = "View Controllers";
			sourceTree = "<group>";
		};
		01498B3A1B0104CF00C7C395 /* Application */ = {
			isa = PBXGroup;
			children = (
				01498B191B01027E00C7C395 /* AppDelegate.swift */,
			);
			name = Application;
			sourceTree = "<group>";
		};
		01498B3B1B0104DE00C7C395 /* Resources */ = {
			isa = PBXGroup;
			children = (
				01498B221B01027E00C7C395 /* LaunchScreen.xib */,
				01498B201B01027E00C7C395 /* Images.xcassets */,
			);
			name = Resources;
			sourceTree = "<group>";
		};
/* End PBXGroup section */

/* Begin PBXNativeTarget section */
		01498B131B01027E00C7C395 /* Trackerati */ = {
			isa = PBXNativeTarget;
			buildConfigurationList = 01498B331B01027E00C7C395 /* Build configuration list for PBXNativeTarget "Trackerati" */;
			buildPhases = (
				01498B101B01027E00C7C395 /* Sources */,
				01498B111B01027E00C7C395 /* Frameworks */,
				01498B121B01027E00C7C395 /* Resources */,
			);
			buildRules = (
			);
			dependencies = (
			);
			name = Trackerati;
			productName = Trackerati;
			productReference = 01498B141B01027E00C7C395 /* Trackerati.app */;
			productType = "com.apple.product-type.application";
		};
		01498B281B01027E00C7C395 /* TrackeratiTests */ = {
			isa = PBXNativeTarget;
			buildConfigurationList = 01498B361B01027E00C7C395 /* Build configuration list for PBXNativeTarget "TrackeratiTests" */;
			buildPhases = (
				01498B251B01027E00C7C395 /* Sources */,
				01498B261B01027E00C7C395 /* Frameworks */,
				01498B271B01027E00C7C395 /* Resources */,
			);
			buildRules = (
			);
			dependencies = (
				01498B2B1B01027E00C7C395 /* PBXTargetDependency */,
			);
			name = TrackeratiTests;
			productName = TrackeratiTests;
			productReference = 01498B291B01027E00C7C395 /* TrackeratiTests.xctest */;
			productType = "com.apple.product-type.bundle.unit-test";
		};
/* End PBXNativeTarget section */

/* Begin PBXProject section */
		01498B0C1B01027E00C7C395 /* Project object */ = {
			isa = PBXProject;
			attributes = {
				LastUpgradeCheck = 0630;
				ORGANIZATIONNAME = "The Hackerati";
				TargetAttributes = {
					01498B131B01027E00C7C395 = {
						CreatedOnToolsVersion = 6.3.1;
					};
					01498B281B01027E00C7C395 = {
						CreatedOnToolsVersion = 6.3.1;
						TestTargetID = 01498B131B01027E00C7C395;
					};
				};
			};
			buildConfigurationList = 01498B0F1B01027E00C7C395 /* Build configuration list for PBXProject "Trackerati" */;
			compatibilityVersion = "Xcode 3.2";
			developmentRegion = English;
			hasScannedForEncodings = 0;
			knownRegions = (
				en,
				Base,
			);
			mainGroup = 01498B0B1B01027E00C7C395;
			productRefGroup = 01498B151B01027E00C7C395 /* Products */;
			projectDirPath = "";
			projectRoot = "";
			targets = (
				01498B131B01027E00C7C395 /* Trackerati */,
				01498B281B01027E00C7C395 /* TrackeratiTests */,
			);
		};
/* End PBXProject section */

/* Begin PBXResourcesBuildPhase section */
		01498B121B01027E00C7C395 /* Resources */ = {
			isa = PBXResourcesBuildPhase;
			buildActionMask = 2147483647;
			files = (
				01498B241B01027E00C7C395 /* LaunchScreen.xib in Resources */,
				01498B211B01027E00C7C395 /* Images.xcassets in Resources */,
			);
			runOnlyForDeploymentPostprocessing = 0;
		};
		01498B271B01027E00C7C395 /* Resources */ = {
			isa = PBXResourcesBuildPhase;
			buildActionMask = 2147483647;
			files = (
			);
			runOnlyForDeploymentPostprocessing = 0;
		};
/* End PBXResourcesBuildPhase section */

/* Begin PBXSourcesBuildPhase section */
		01498B101B01027E00C7C395 /* Sources */ = {
			isa = PBXSourcesBuildPhase;
			buildActionMask = 2147483647;
			files = (
				01498B1C1B01027E00C7C395 /* ViewController.swift in Sources */,
				01498B1A1B01027E00C7C395 /* AppDelegate.swift in Sources */,
			);
			runOnlyForDeploymentPostprocessing = 0;
		};
		01498B251B01027E00C7C395 /* Sources */ = {
			isa = PBXSourcesBuildPhase;
			buildActionMask = 2147483647;
			files = (
				01498B301B01027E00C7C395 /* TrackeratiTests.swift in Sources */,
			);
			runOnlyForDeploymentPostprocessing = 0;
		};
/* End PBXSourcesBuildPhase section */

/* Begin PBXTargetDependency section */
		01498B2B1B01027E00C7C395 /* PBXTargetDependency */ = {
			isa = PBXTargetDependency;
			target = 01498B131B01027E00C7C395 /* Trackerati */;
			targetProxy = 01498B2A1B01027E00C7C395 /* PBXContainerItemProxy */;
		};
/* End PBXTargetDependency section */

/* Begin PBXVariantGroup section */
		01498B221B01027E00C7C395 /* LaunchScreen.xib */ = {
			isa = PBXVariantGroup;
			children = (
				01498B231B01027E00C7C395 /* Base */,
			);
			name = LaunchScreen.xib;
			sourceTree = "<group>";
		};
/* End PBXVariantGroup section */

/* Begin XCBuildConfiguration section */
		01498B311B01027E00C7C395 /* Debug */ = {
			isa = XCBuildConfiguration;
			buildSettings = {
				ALWAYS_SEARCH_USER_PATHS = NO;
				CLANG_CXX_LANGUAGE_STANDARD = "gnu++0x";
				CLANG_CXX_LIBRARY = "libc++";
				CLANG_ENABLE_MODULES = YES;
				CLANG_ENABLE_OBJC_ARC = YES;
				CLANG_WARN_BOOL_CONVERSION = YES;
				CLANG_WARN_CONSTANT_CONVERSION = YES;
				CLANG_WARN_DIRECT_OBJC_ISA_USAGE = YES_ERROR;
				CLANG_WARN_EMPTY_BODY = YES;
				CLANG_WARN_ENUM_CONVERSION = YES;
				CLANG_WARN_INT_CONVERSION = YES;
				CLANG_WARN_OBJC_ROOT_CLASS = YES_ERROR;
				CLANG_WARN_UNREACHABLE_CODE = YES;
				CLANG_WARN__DUPLICATE_METHOD_MATCH = YES;
				"CODE_SIGN_IDENTITY[sdk=iphoneos*]" = "iPhone Developer";
				COPY_PHASE_STRIP = NO;
				DEBUG_INFORMATION_FORMAT = "dwarf-with-dsym";
				ENABLE_STRICT_OBJC_MSGSEND = YES;
				GCC_C_LANGUAGE_STANDARD = gnu99;
				GCC_DYNAMIC_NO_PIC = NO;
				GCC_NO_COMMON_BLOCKS = YES;
				GCC_OPTIMIZATION_LEVEL = 0;
				GCC_PREPROCESSOR_DEFINITIONS = (
					"DEBUG=1",
					"$(inherited)",
				);
				GCC_SYMBOLS_PRIVATE_EXTERN = NO;
				GCC_WARN_64_TO_32_BIT_CONVERSION = YES;
				GCC_WARN_ABOUT_RETURN_TYPE = YES_ERROR;
				GCC_WARN_UNDECLARED_SELECTOR = YES;
				GCC_WARN_UNINITIALIZED_AUTOS = YES_AGGRESSIVE;
				GCC_WARN_UNUSED_FUNCTION = YES;
				GCC_WARN_UNUSED_VARIABLE = YES;
				IPHONEOS_DEPLOYMENT_TARGET = 8.3;
				MTL_ENABLE_DEBUG_INFO = YES;
				ONLY_ACTIVE_ARCH = YES;
				SDKROOT = iphoneos;
				SWIFT_OPTIMIZATION_LEVEL = "-Onone";
				TARGETED_DEVICE_FAMILY = "1,2";
			};
			name = Debug;
		};
		01498B321B01027E00C7C395 /* Release */ = {
			isa = XCBuildConfiguration;
			buildSettings = {
				ALWAYS_SEARCH_USER_PATHS = NO;
				CLANG_CXX_LANGUAGE_STANDARD = "gnu++0x";
				CLANG_CXX_LIBRARY = "libc++";
				CLANG_ENABLE_MODULES = YES;
				CLANG_ENABLE_OBJC_ARC = YES;
				CLANG_WARN_BOOL_CONVERSION = YES;
				CLANG_WARN_CONSTANT_CONVERSION = YES;
				CLANG_WARN_DIRECT_OBJC_ISA_USAGE = YES_ERROR;
				CLANG_WARN_EMPTY_BODY = YES;
				CLANG_WARN_ENUM_CONVERSION = YES;
				CLANG_WARN_INT_CONVERSION = YES;
				CLANG_WARN_OBJC_ROOT_CLASS = YES_ERROR;
				CLANG_WARN_UNREACHABLE_CODE = YES;
				CLANG_WARN__DUPLICATE_METHOD_MATCH = YES;
				"CODE_SIGN_IDENTITY[sdk=iphoneos*]" = "iPhone Developer";
				COPY_PHASE_STRIP = NO;
				DEBUG_INFORMATION_FORMAT = "dwarf-with-dsym";
				ENABLE_NS_ASSERTIONS = NO;
				ENABLE_STRICT_OBJC_MSGSEND = YES;
				GCC_C_LANGUAGE_STANDARD = gnu99;
				GCC_NO_COMMON_BLOCKS = YES;
				GCC_WARN_64_TO_32_BIT_CONVERSION = YES;
				GCC_WARN_ABOUT_RETURN_TYPE = YES_ERROR;
				GCC_WARN_UNDECLARED_SELECTOR = YES;
				GCC_WARN_UNINITIALIZED_AUTOS = YES_AGGRESSIVE;
				GCC_WARN_UNUSED_FUNCTION = YES;
				GCC_WARN_UNUSED_VARIABLE = YES;
				IPHONEOS_DEPLOYMENT_TARGET = 8.3;
				MTL_ENABLE_DEBUG_INFO = NO;
				SDKROOT = iphoneos;
				TARGETED_DEVICE_FAMILY = "1,2";
				VALIDATE_PRODUCT = YES;
			};
			name = Release;
		};
		01498B341B01027E00C7C395 /* Debug */ = {
			isa = XCBuildConfiguration;
			buildSettings = {
				ASSETCATALOG_COMPILER_APPICON_NAME = AppIcon;
				INFOPLIST_FILE = Trackerati/Info.plist;
				IPHONEOS_DEPLOYMENT_TARGET = 7.0;
				LD_RUNPATH_SEARCH_PATHS = "$(inherited) @executable_path/Frameworks";
				PRODUCT_NAME = "$(TARGET_NAME)";
			};
			name = Debug;
		};
		01498B351B01027E00C7C395 /* Release */ = {
			isa = XCBuildConfiguration;
			buildSettings = {
				ASSETCATALOG_COMPILER_APPICON_NAME = AppIcon;
				INFOPLIST_FILE = Trackerati/Info.plist;
				IPHONEOS_DEPLOYMENT_TARGET = 7.0;
				LD_RUNPATH_SEARCH_PATHS = "$(inherited) @executable_path/Frameworks";
				PRODUCT_NAME = "$(TARGET_NAME)";
			};
			name = Release;
		};
		01498B371B01027E00C7C395 /* Debug */ = {
			isa = XCBuildConfiguration;
			buildSettings = {
				BUNDLE_LOADER = "$(TEST_HOST)";
				FRAMEWORK_SEARCH_PATHS = (
					"$(SDKROOT)/Developer/Library/Frameworks",
					"$(inherited)",
				);
				GCC_PREPROCESSOR_DEFINITIONS = (
					"DEBUG=1",
					"$(inherited)",
				);
				INFOPLIST_FILE = TrackeratiTests/Info.plist;
				LD_RUNPATH_SEARCH_PATHS = "$(inherited) @executable_path/Frameworks @loader_path/Frameworks";
				PRODUCT_NAME = "$(TARGET_NAME)";
				TEST_HOST = "$(BUILT_PRODUCTS_DIR)/Trackerati.app/Trackerati";
			};
			name = Debug;
		};
		01498B381B01027E00C7C395 /* Release */ = {
			isa = XCBuildConfiguration;
			buildSettings = {
				BUNDLE_LOADER = "$(TEST_HOST)";
				FRAMEWORK_SEARCH_PATHS = (
					"$(SDKROOT)/Developer/Library/Frameworks",
					"$(inherited)",
				);
				INFOPLIST_FILE = TrackeratiTests/Info.plist;
				LD_RUNPATH_SEARCH_PATHS = "$(inherited) @executable_path/Frameworks @loader_path/Frameworks";
				PRODUCT_NAME = "$(TARGET_NAME)";
				TEST_HOST = "$(BUILT_PRODUCTS_DIR)/Trackerati.app/Trackerati";
			};
			name = Release;
		};
/* End XCBuildConfiguration section */

/* Begin XCConfigurationList section */
		01498B0F1B01027E00C7C395 /* Build configuration list for PBXProject "Trackerati" */ = {
			isa = XCConfigurationList;
			buildConfigurations = (
				01498B311B01027E00C7C395 /* Debug */,
				01498B321B01027E00C7C395 /* Release */,
			);
			defaultConfigurationIsVisible = 0;
			defaultConfigurationName = Release;
		};
		01498B331B01027E00C7C395 /* Build configuration list for PBXNativeTarget "Trackerati" */ = {
			isa = XCConfigurationList;
			buildConfigurations = (
				01498B341B01027E00C7C395 /* Debug */,
				01498B351B01027E00C7C395 /* Release */,
			);
			defaultConfigurationIsVisible = 0;
		};
		01498B361B01027E00C7C395 /* Build configuration list for PBXNativeTarget "TrackeratiTests" */ = {
			isa = XCConfigurationList;
			buildConfigurations = (
				01498B371B01027E00C7C395 /* Debug */,
				01498B381B01027E00C7C395 /* Release */,
			);
			defaultConfigurationIsVisible = 0;
		};
/* End XCConfigurationList section */
	};
	rootObject = 01498B0C1B01027E00C7C395 /* Project object */;
}
